
Microsoft Visual Studio Solution File, Format Version 12.00
# Visual Studio Version 16
VisualStudioVersion = 16.0.29509.3
MinimumVisualStudioVersion = 10.0.40219.1
Project("{FAE04EC0-301F-11D3-BF4B-00C04F79EFBC}") = "MonitorAppXam.Android", "MonitorAppXam\MonitorAppXam.Android\MonitorAppXam.Android.csproj", "{74EA831B-161E-4109-B04B-4AD0A5ABE4FF}"
EndProject
Project("{FAE04EC0-301F-11D3-BF4B-00C04F79EFBC}") = "MonitorAppXam.iOS", "MonitorAppXam\MonitorAppXam.iOS\MonitorAppXam.iOS.csproj", "{05E884E0-C595-43EF-813E-67874A87D9A2}"
EndProject
Project("{FAE04EC0-301F-11D3-BF4B-00C04F79EFBC}") = "MonitorAppXam", "MonitorAppXam\MonitorAppXam\MonitorAppXam.csproj", "{4587F2C7-C85C-46FE-B567-87AAD7424C05}"
EndProject
Global
	GlobalSection(SolutionConfigurationPlatforms) = preSolution
		Debug|Any CPU = Debug|Any CPU
		Debug|iPhone = Debug|iPhone
		Debug|iPhoneSimulator = Debug|iPhoneSimulator
		Release|Any CPU = Release|Any CPU
		Release|iPhone = Release|iPhone
		Release|iPhoneSimulator = Release|iPhoneSimulator
	EndGlobalSection
	GlobalSection(ProjectConfigurationPlatforms) = postSolution
		{74EA831B-161E-4109-B04B-4AD0A5ABE4FF}.Debug|Any CPU.ActiveCfg = Debug|Any CPU
		{74EA831B-161E-4109-B04B-4AD0A5ABE4FF}.Debug|Any CPU.Build.0 = Debug|Any CPU
		{74EA831B-161E-4109-B04B-4AD0A5ABE4FF}.Debug|Any CPU.Deploy.0 = Debug|Any CPU
		{74EA831B-161E-4109-B04B-4AD0A5ABE4FF}.Debug|iPhone.ActiveCfg = Debug|Any CPU
		{74EA831B-161E-4109-B04B-4AD0A5ABE4FF}.Debug|iPhone.Build.0 = Debug|Any CPU
		{74EA831B-161E-4109-B04B-4AD0A5ABE4FF}.Debug|iPhone.Deploy.0 = Debug|Any CPU
		{74EA831B-161E-4109-B04B-4AD0A5ABE4FF}.Debug|iPhoneSimulator.ActiveCfg = Debug|Any CPU
		{74EA831B-161E-4109-B04B-4AD0A5ABE4FF}.Debug|iPhoneSimulator.Build.0 = Debug|Any CPU
		{74EA831B-161E-4109-B04B-4AD0A5ABE4FF}.Debug|iPhoneSimulator.Deploy.0 = Debug|Any CPU
		{74EA831B-161E-4109-B04B-4AD0A5ABE4FF}.Release|Any CPU.ActiveCfg = Release|Any CPU
		{74EA831B-161E-4109-B04B-4AD0A5ABE4FF}.Release|Any CPU.Build.0 = Release|Any CPU
		{74EA831B-161E-4109-B04B-4AD0A5ABE4FF}.Release|Any CPU.Deploy.0 = Release|Any CPU
		{74EA831B-161E-4109-B04B-4AD0A5ABE4FF}.Release|iPhone.ActiveCfg = Release|Any CPU
		{74EA831B-161E-4109-B04B-4AD0A5ABE4FF}.Release|iPhone.Build.0 = Release|Any CPU
		{74EA831B-161E-4109-B04B-4AD0A5ABE4FF}.Release|iPhone.Deploy.0 = Release|Any CPU
		{74EA831B-161E-4109-B04B-4AD0A5ABE4FF}.Release|iPhoneSimulator.ActiveCfg = Release|Any CPU
		{74EA831B-161E-4109-B04B-4AD0A5ABE4FF}.Release|iPhoneSimulator.Build.0 = Release|Any CPU
		{74EA831B-161E-4109-B04B-4AD0A5ABE4FF}.Release|iPhoneSimulator.Deploy.0 = Release|Any CPU
		{05E884E0-C595-43EF-813E-67874A87D9A2}.Debug|Any CPU.ActiveCfg = Debug|iPhoneSimulator
		{05E884E0-C595-43EF-813E-67874A87D9A2}.Debug|Any CPU.Build.0 = Debug|iPhoneSimulator
		{05E884E0-C595-43EF-813E-67874A87D9A2}.Debug|Any CPU.Deploy.0 = Debug|iPhoneSimulator
		{05E884E0-C595-43EF-813E-67874A87D9A2}.Debug|iPhone.ActiveCfg = Debug|iPhone
		{05E884E0-C595-43EF-813E-67874A87D9A2}.Debug|iPhone.Build.0 = Debug|iPhone
		{05E884E0-C595-43EF-813E-67874A87D9A2}.Debug|iPhone.Deploy.0 = Debug|iPhone
		{05E884E0-C595-43EF-813E-67874A87D9A2}.Debug|iPhoneSimulator.ActiveCfg = Debug|iPhoneSimulator
		{05E884E0-C595-43EF-813E-67874A87D9A2}.Debug|iPhoneSimulator.Build.0 = Debug|iPhoneSimulator
		{05E884E0-C595-43EF-813E-67874A87D9A2}.Debug|iPhoneSimulator.Deploy.0 = Debug|iPhoneSimulator
		{05E884E0-C595-43EF-813E-67874A87D9A2}.Release|Any CPU.ActiveCfg = Release|iPhone
		{05E884E0-C595-43EF-813E-67874A87D9A2}.Release|Any CPU.Build.0 = Release|iPhone
		{05E884E0-C595-43EF-813E-67874A87D9A2}.Release|Any CPU.Deploy.0 = Release|iPhone
		{05E884E0-C595-43EF-813E-67874A87D9A2}.Release|iPhone.ActiveCfg = Release|iPhone
		{05E884E0-C595-43EF-813E-67874A87D9A2}.Release|iPhone.Build.0 = Release|iPhone
		{05E884E0-C595-43EF-813E-67874A87D9A2}.Release|iPhone.Deploy.0 = Release|iPhone
		{05E884E0-C595-43EF-813E-67874A87D9A2}.Release|iPhoneSimulator.ActiveCfg = Release|iPhoneSimulator
		{05E884E0-C595-43EF-813E-67874A87D9A2}.Release|iPhoneSimulator.Build.0 = Release|iPhoneSimulator
		{05E884E0-C595-43EF-813E-67874A87D9A2}.Release|iPhoneSimulator.Deploy.0 = Release|iPhoneSimulator
		{4587F2C7-C85C-46FE-B567-87AAD7424C05}.Debug|Any CPU.ActiveCfg = Debug|Any CPU
		{4587F2C7-C85C-46FE-B567-87AAD7424C05}.Debug|Any CPU.Build.0 = Debug|Any CPU
		{4587F2C7-C85C-46FE-B567-87AAD7424C05}.Debug|Any CPU.Deploy.0 = Debug|Any CPU
		{4587F2C7-C85C-46FE-B567-87AAD7424C05}.Debug|iPhone.ActiveCfg = Debug|Any CPU
		{4587F2C7-C85C-46FE-B567-87AAD7424C05}.Debug|iPhone.Build.0 = Debug|Any CPU
		{4587F2C7-C85C-46FE-B567-87AAD7424C05}.Debug|iPhone.Deploy.0 = Debug|Any CPU
		{4587F2C7-C85C-46FE-B567-87AAD7424C05}.Debug|iPhoneSimulator.ActiveCfg = Debug|Any CPU
		{4587F2C7-C85C-46FE-B567-87AAD7424C05}.Debug|iPhoneSimulator.Build.0 = Debug|Any CPU
		{4587F2C7-C85C-46FE-B567-87AAD7424C05}.Debug|iPhoneSimulator.Deploy.0 = Debug|Any CPU
		{4587F2C7-C85C-46FE-B567-87AAD7424C05}.Release|Any CPU.ActiveCfg = Release|Any CPU
		{4587F2C7-C85C-46FE-B567-87AAD7424C05}.Release|Any CPU.Build.0 = Release|Any CPU
		{4587F2C7-C85C-46FE-B567-87AAD7424C05}.Release|Any CPU.Deploy.0 = Release|Any CPU
		{4587F2C7-C85C-46FE-B567-87AAD7424C05}.Release|iPhone.ActiveCfg = Release|Any CPU
		{4587F2C7-C85C-46FE-B567-87AAD7424C05}.Release|iPhone.Build.0 = Release|Any CPU
		{4587F2C7-C85C-46FE-B567-87AAD7424C05}.Release|iPhone.Deploy.0 = Release|Any CPU
		{4587F2C7-C85C-46FE-B567-87AAD7424C05}.Release|iPhoneSimulator.ActiveCfg = Release|Any CPU
		{4587F2C7-C85C-46FE-B567-87AAD7424C05}.Release|iPhoneSimulator.Build.0 = Release|Any CPU
		{4587F2C7-C85C-46FE-B567-87AAD7424C05}.Release|iPhoneSimulator.Deploy.0 = Release|Any CPU
	EndGlobalSection
	GlobalSection(SolutionProperties) = preSolution
		HideSolutionNode = FALSE
	EndGlobalSection
	GlobalSection(ExtensibilityGlobals) = postSolution
		SolutionGuid = {53AAEAD2-7798-4BD2-AA64-DF1DDEEA6E86}
	EndGlobalSection
EndGlobal
